
Microsoft Visual Studio Solution File, Format Version 12.00
# Visual Studio 15
VisualStudioVersion = 15.0.27004.2008
MinimumVisualStudioVersion = 10.0.40219.1
Project("{2150E333-8FDC-42A3-9474-1A3956D46DE8}") = "Solution Items", "Solution Items", "{B548D2C8-1340-456D-9BDF-AA495380C91C}"
	ProjectSection(SolutionItems) = preProject
		..\Zelda Win.wav = ..\Zelda Win.wav
	EndProjectSection
EndProject
Project("{FAE04EC0-301F-11D3-BF4B-00C04F79EFBC}") = "MazeBacktracking", "MazeBacktracking\MazeBacktracking.csproj", "{F681AC0B-5C97-45F1-901A-68E28CCE28B1}"
EndProject
Global
	GlobalSection(SolutionConfigurationPlatforms) = preSolution
		Debug|Any CPU = Debug|Any CPU
		Release|Any CPU = Release|Any CPU
	EndGlobalSection
	GlobalSection(ProjectConfigurationPlatforms) = postSolution
		{F681AC0B-5C97-45F1-901A-68E28CCE28B1}.Debug|Any CPU.ActiveCfg = Debug|Any CPU
		{F681AC0B-5C97-45F1-901A-68E28CCE28B1}.Debug|Any CPU.Build.0 = Debug|Any CPU
		{F681AC0B-5C97-45F1-901A-68E28CCE28B1}.Release|Any CPU.ActiveCfg = Release|Any CPU
		{F681AC0B-5C97-45F1-901A-68E28CCE28B1}.Release|Any CPU.Build.0 = Release|Any CPU
	EndGlobalSection
	GlobalSection(SolutionProperties) = preSolution
		HideSolutionNode = FALSE
	EndGlobalSection
	GlobalSection(ExtensibilityGlobals) = postSolution
		SolutionGuid = {B5B70777-5DAD-4770-B185-D5D8DE3072A9}
	EndGlobalSection
EndGlobal
